
Microsoft Visual Studio Solution File, Format Version 12.00
# Visual Studio 15
VisualStudioVersion = 15.0.28307.136
MinimumVisualStudioVersion = 10.0.40219.1
Project("{FAE04EC0-301F-11D3-BF4B-00C04F79EFBC}") = "Priceline.Android", "Priceline\Priceline.Android\Priceline.Android.csproj", "{24CE3C36-16B9-426D-AA0C-5961ECF8D88C}"
EndProject
Project("{FAE04EC0-301F-11D3-BF4B-00C04F79EFBC}") = "Priceline.iOS", "Priceline\Priceline.iOS\Priceline.iOS.csproj", "{233D6345-8691-4418-A39D-58D5249999D9}"
EndProject
Project("{FAE04EC0-301F-11D3-BF4B-00C04F79EFBC}") = "Priceline.UWP", "Priceline\Priceline.UWP\Priceline.UWP.csproj", "{B77B993A-5D72-4D1E-A7FC-501F91C46612}"
EndProject
Project("{9A19103F-16F7-4668-BE54-9A1E7A4F7556}") = "Priceline", "Priceline\Priceline\Priceline.csproj", "{62D4E642-47B2-47A8-9EFB-5781CF1D482E}"
EndProject
Global
	GlobalSection(SolutionConfigurationPlatforms) = preSolution
		Debug|Any CPU = Debug|Any CPU
		Debug|ARM = Debug|ARM
		Debug|iPhone = Debug|iPhone
		Debug|iPhoneSimulator = Debug|iPhoneSimulator
		Debug|x64 = Debug|x64
		Debug|x86 = Debug|x86
		Release|Any CPU = Release|Any CPU
		Release|ARM = Release|ARM
		Release|iPhone = Release|iPhone
		Release|iPhoneSimulator = Release|iPhoneSimulator
		Release|x64 = Release|x64
		Release|x86 = Release|x86
	EndGlobalSection
	GlobalSection(ProjectConfigurationPlatforms) = postSolution
		{24CE3C36-16B9-426D-AA0C-5961ECF8D88C}.Debug|Any CPU.ActiveCfg = Debug|Any CPU
		{24CE3C36-16B9-426D-AA0C-5961ECF8D88C}.Debug|Any CPU.Build.0 = Debug|Any CPU
		{24CE3C36-16B9-426D-AA0C-5961ECF8D88C}.Debug|Any CPU.Deploy.0 = Debug|Any CPU
		{24CE3C36-16B9-426D-AA0C-5961ECF8D88C}.Debug|ARM.ActiveCfg = Debug|Any CPU
		{24CE3C36-16B9-426D-AA0C-5961ECF8D88C}.Debug|ARM.Build.0 = Debug|Any CPU
		{24CE3C36-16B9-426D-AA0C-5961ECF8D88C}.Debug|ARM.Deploy.0 = Debug|Any CPU
		{24CE3C36-16B9-426D-AA0C-5961ECF8D88C}.Debug|iPhone.ActiveCfg = Debug|Any CPU
		{24CE3C36-16B9-426D-AA0C-5961ECF8D88C}.Debug|iPhone.Build.0 = Debug|Any CPU
		{24CE3C36-16B9-426D-AA0C-5961ECF8D88C}.Debug|iPhone.Deploy.0 = Debug|Any CPU
		{24CE3C36-16B9-426D-AA0C-5961ECF8D88C}.Debug|iPhoneSimulator.ActiveCfg = Debug|Any CPU
		{24CE3C36-16B9-426D-AA0C-5961ECF8D88C}.Debug|iPhoneSimulator.Build.0 = Debug|Any CPU
		{24CE3C36-16B9-426D-AA0C-5961ECF8D88C}.Debug|iPhoneSimulator.Deploy.0 = Debug|Any CPU
		{24CE3C36-16B9-426D-AA0C-5961ECF8D88C}.Debug|x64.ActiveCfg = Debug|Any CPU
		{24CE3C36-16B9-426D-AA0C-5961ECF8D88C}.Debug|x64.Build.0 = Debug|Any CPU
		{24CE3C36-16B9-426D-AA0C-5961ECF8D88C}.Debug|x64.Deploy.0 = Debug|Any CPU
		{24CE3C36-16B9-426D-AA0C-5961ECF8D88C}.Debug|x86.ActiveCfg = Debug|Any CPU
		{24CE3C36-16B9-426D-AA0C-5961ECF8D88C}.Debug|x86.Build.0 = Debug|Any CPU
		{24CE3C36-16B9-426D-AA0C-5961ECF8D88C}.Debug|x86.Deploy.0 = Debug|Any CPU
		{24CE3C36-16B9-426D-AA0C-5961ECF8D88C}.Release|Any CPU.ActiveCfg = Release|Any CPU
		{24CE3C36-16B9-426D-AA0C-5961ECF8D88C}.Release|Any CPU.Build.0 = Release|Any CPU
		{24CE3C36-16B9-426D-AA0C-5961ECF8D88C}.Release|Any CPU.Deploy.0 = Release|Any CPU
		{24CE3C36-16B9-426D-AA0C-5961ECF8D88C}.Release|ARM.ActiveCfg = Release|Any CPU
		{24CE3C36-16B9-426D-AA0C-5961ECF8D88C}.Release|ARM.Build.0 = Release|Any CPU
		{24CE3C36-16B9-426D-AA0C-5961ECF8D88C}.Release|ARM.Deploy.0 = Release|Any CPU
		{24CE3C36-16B9-426D-AA0C-5961ECF8D88C}.Release|iPhone.ActiveCfg = Release|Any CPU
		{24CE3C36-16B9-426D-AA0C-5961ECF8D88C}.Release|iPhone.Build.0 = Release|Any CPU
		{24CE3C36-16B9-426D-AA0C-5961ECF8D88C}.Release|iPhone.Deploy.0 = Release|Any CPU
		{24CE3C36-16B9-426D-AA0C-5961ECF8D88C}.Release|iPhoneSimulator.ActiveCfg = Release|Any CPU
		{24CE3C36-16B9-426D-AA0C-5961ECF8D88C}.Release|iPhoneSimulator.Build.0 = Release|Any CPU
		{24CE3C36-16B9-426D-AA0C-5961ECF8D88C}.Release|iPhoneSimulator.Deploy.0 = Release|Any CPU
		{24CE3C36-16B9-426D-AA0C-5961ECF8D88C}.Release|x64.ActiveCfg = Release|Any CPU
		{24CE3C36-16B9-426D-AA0C-5961ECF8D88C}.Release|x64.Build.0 = Release|Any CPU
		{24CE3C36-16B9-426D-AA0C-5961ECF8D88C}.Release|x64.Deploy.0 = Release|Any CPU
		{24CE3C36-16B9-426D-AA0C-5961ECF8D88C}.Release|x86.ActiveCfg = Release|Any CPU
		{24CE3C36-16B9-426D-AA0C-5961ECF8D88C}.Release|x86.Build.0 = Release|Any CPU
		{24CE3C36-16B9-426D-AA0C-5961ECF8D88C}.Release|x86.Deploy.0 = Release|Any CPU
		{233D6345-8691-4418-A39D-58D5249999D9}.Debug|Any CPU.ActiveCfg = Debug|iPhoneSimulator
		{233D6345-8691-4418-A39D-58D5249999D9}.Debug|Any CPU.Build.0 = Debug|iPhoneSimulator
		{233D6345-8691-4418-A39D-58D5249999D9}.Debug|Any CPU.Deploy.0 = Debug|iPhoneSimulator
		{233D6345-8691-4418-A39D-58D5249999D9}.Debug|ARM.ActiveCfg = Debug|iPhone
		{233D6345-8691-4418-A39D-58D5249999D9}.Debug|ARM.Build.0 = Debug|iPhone
		{233D6345-8691-4418-A39D-58D5249999D9}.Debug|ARM.Deploy.0 = Debug|iPhone
		{233D6345-8691-4418-A39D-58D5249999D9}.Debug|iPhone.ActiveCfg = Debug|iPhone
		{233D6345-8691-4418-A39D-58D5249999D9}.Debug|iPhone.Build.0 = Debug|iPhone
		{233D6345-8691-4418-A39D-58D5249999D9}.Debug|iPhone.Deploy.0 = Debug|iPhone
		{233D6345-8691-4418-A39D-58D5249999D9}.Debug|iPhoneSimulator.ActiveCfg = Debug|iPhoneSimulator
		{233D6345-8691-4418-A39D-58D5249999D9}.Debug|iPhoneSimulator.Build.0 = Debug|iPhoneSimulator
		{233D6345-8691-4418-A39D-58D5249999D9}.Debug|iPhoneSimulator.Deploy.0 = Debug|iPhoneSimulator
		{233D6345-8691-4418-A39D-58D5249999D9}.Debug|x64.ActiveCfg = Debug|iPhone
		{233D6345-8691-4418-A39D-58D5249999D9}.Debug|x64.Build.0 = Debug|iPhone
		{233D6345-8691-4418-A39D-58D5249999D9}.Debug|x64.Deploy.0 = Debug|iPhone
		{233D6345-8691-4418-A39D-58D5249999D9}.Debug|x86.ActiveCfg = Debug|iPhone
		{233D6345-8691-4418-A39D-58D5249999D9}.Debug|x86.Build.0 = Debug|iPhone
		{233D6345-8691-4418-A39D-58D5249999D9}.Debug|x86.Deploy.0 = Debug|iPhone
		{233D6345-8691-4418-A39D-58D5249999D9}.Release|Any CPU.ActiveCfg = Release|iPhone
		{233D6345-8691-4418-A39D-58D5249999D9}.Release|Any CPU.Build.0 = Release|iPhone
		{233D6345-8691-4418-A39D-58D5249999D9}.Release|Any CPU.Deploy.0 = Release|iPhone
		{233D6345-8691-4418-A39D-58D5249999D9}.Release|ARM.ActiveCfg = Release|iPhone
		{233D6345-8691-4418-A39D-58D5249999D9}.Release|ARM.Build.0 = Release|iPhone
		{233D6345-8691-4418-A39D-58D5249999D9}.Release|ARM.Deploy.0 = Release|iPhone
		{233D6345-8691-4418-A39D-58D5249999D9}.Release|iPhone.ActiveCfg = Release|iPhone
		{233D6345-8691-4418-A39D-58D5249999D9}.Release|iPhone.Build.0 = Release|iPhone
		{233D6345-8691-4418-A39D-58D5249999D9}.Release|iPhone.Deploy.0 = Release|iPhone
		{233D6345-8691-4418-A39D-58D5249999D9}.Release|iPhoneSimulator.ActiveCfg = Release|iPhoneSimulator
		{233D6345-8691-4418-A39D-58D5249999D9}.Release|iPhoneSimulator.Build.0 = Release|iPhoneSimulator
		{233D6345-8691-4418-A39D-58D5249999D9}.Release|iPhoneSimulator.Deploy.0 = Release|iPhoneSimulator
		{233D6345-8691-4418-A39D-58D5249999D9}.Release|x64.ActiveCfg = Release|iPhone
		{233D6345-8691-4418-A39D-58D5249999D9}.Release|x64.Build.0 = Release|iPhone
		{233D6345-8691-4418-A39D-58D5249999D9}.Release|x64.Deploy.0 = Release|iPhone
		{233D6345-8691-4418-A39D-58D5249999D9}.Release|x86.ActiveCfg = Release|iPhone
		{233D6345-8691-4418-A39D-58D5249999D9}.Release|x86.Build.0 = Release|iPhone
		{233D6345-8691-4418-A39D-58D5249999D9}.Release|x86.Deploy.0 = Release|iPhone
		{B77B993A-5D72-4D1E-A7FC-501F91C46612}.Debug|Any CPU.ActiveCfg = Debug|x86
		{B77B993A-5D72-4D1E-A7FC-501F91C46612}.Debug|Any CPU.Build.0 = Debug|x86
		{B77B993A-5D72-4D1E-A7FC-501F91C46612}.Debug|Any CPU.Deploy.0 = Debug|x86
		{B77B993A-5D72-4D1E-A7FC-501F91C46612}.Debug|ARM.ActiveCfg = Debug|ARM
		{B77B993A-5D72-4D1E-A7FC-501F91C46612}.Debug|ARM.Build.0 = Debug|ARM
		{B77B993A-5D72-4D1E-A7FC-501F91C46612}.Debug|ARM.Deploy.0 = Debug|ARM
		{B77B993A-5D72-4D1E-A7FC-501F91C46612}.Debug|iPhone.ActiveCfg = Debug|x86
		{B77B993A-5D72-4D1E-A7FC-501F91C46612}.Debug|iPhone.Build.0 = Debug|x86
		{B77B993A-5D72-4D1E-A7FC-501F91C46612}.Debug|iPhone.Deploy.0 = Debug|x86
		{B77B993A-5D72-4D1E-A7FC-501F91C46612}.Debug|iPhoneSimulator.ActiveCfg = Debug|x86
		{B77B993A-5D72-4D1E-A7FC-501F91C46612}.Debug|iPhoneSimulator.Build.0 = Debug|x86
		{B77B993A-5D72-4D1E-A7FC-501F91C46612}.Debug|iPhoneSimulator.Deploy.0 = Debug|x86
		{B77B993A-5D72-4D1E-A7FC-501F91C46612}.Debug|x64.ActiveCfg = Debug|x64
		{B77B993A-5D72-4D1E-A7FC-501F91C46612}.Debug|x64.Build.0 = Debug|x64
		{B77B993A-5D72-4D1E-A7FC-501F91C46612}.Debug|x64.Deploy.0 = Debug|x64
		{B77B993A-5D72-4D1E-A7FC-501F91C46612}.Debug|x86.ActiveCfg = Debug|x86
		{B77B993A-5D72-4D1E-A7FC-501F91C46612}.Debug|x86.Build.0 = Debug|x86
		{B77B993A-5D72-4D1E-A7FC-501F91C46612}.Debug|x86.Deploy.0 = Debug|x86
		{B77B993A-5D72-4D1E-A7FC-501F91C46612}.Release|Any CPU.ActiveCfg = Release|x86
		{B77B993A-5D72-4D1E-A7FC-501F91C46612}.Release|Any CPU.Build.0 = Release|x86
		{B77B993A-5D72-4D1E-A7FC-501F91C46612}.Release|Any CPU.Deploy.0 = Release|x86
		{B77B993A-5D72-4D1E-A7FC-501F91C46612}.Release|ARM.ActiveCfg = Release|ARM
		{B77B993A-5D72-4D1E-A7FC-501F91C46612}.Release|ARM.Build.0 = Release|ARM
		{B77B993A-5D72-4D1E-A7FC-501F91C46612}.Release|ARM.Deploy.0 = Release|ARM
		{B77B993A-5D72-4D1E-A7FC-501F91C46612}.Release|iPhone.ActiveCfg = Release|x86
		{B77B993A-5D72-4D1E-A7FC-501F91C46612}.Release|iPhone.Build.0 = Release|x86
		{B77B993A-5D72-4D1E-A7FC-501F91C46612}.Release|iPhone.Deploy.0 = Release|x86
		{B77B993A-5D72-4D1E-A7FC-501F91C46612}.Release|iPhoneSimulator.ActiveCfg = Release|x86
		{B77B993A-5D72-4D1E-A7FC-501F91C46612}.Release|iPhoneSimulator.Build.0 = Release|x86
		{B77B993A-5D72-4D1E-A7FC-501F91C46612}.Release|iPhoneSimulator.Deploy.0 = Release|x86
		{B77B993A-5D72-4D1E-A7FC-501F91C46612}.Release|x64.ActiveCfg = Release|x64
		{B77B993A-5D72-4D1E-A7FC-501F91C46612}.Release|x64.Build.0 = Release|x64
		{B77B993A-5D72-4D1E-A7FC-501F91C46612}.Release|x64.Deploy.0 = Release|x64
		{B77B993A-5D72-4D1E-A7FC-501F91C46612}.Release|x86.ActiveCfg = Release|x86
		{B77B993A-5D72-4D1E-A7FC-501F91C46612}.Release|x86.Build.0 = Release|x86
		{B77B993A-5D72-4D1E-A7FC-501F91C46612}.Release|x86.Deploy.0 = Release|x86
		{62D4E642-47B2-47A8-9EFB-5781CF1D482E}.Debug|Any CPU.ActiveCfg = Debug|Any CPU
		{62D4E642-47B2-47A8-9EFB-5781CF1D482E}.Debug|Any CPU.Build.0 = Debug|Any CPU
		{62D4E642-47B2-47A8-9EFB-5781CF1D482E}.Debug|Any CPU.Deploy.0 = Debug|Any CPU
		{62D4E642-47B2-47A8-9EFB-5781CF1D482E}.Debug|ARM.ActiveCfg = Debug|Any CPU
		{62D4E642-47B2-47A8-9EFB-5781CF1D482E}.Debug|ARM.Build.0 = Debug|Any CPU
		{62D4E642-47B2-47A8-9EFB-5781CF1D482E}.Debug|ARM.Deploy.0 = Debug|Any CPU
		{62D4E642-47B2-47A8-9EFB-5781CF1D482E}.Debug|iPhone.ActiveCfg = Debug|Any CPU
		{62D4E642-47B2-47A8-9EFB-5781CF1D482E}.Debug|iPhone.Build.0 = Debug|Any CPU
		{62D4E642-47B2-47A8-9EFB-5781CF1D482E}.Debug|iPhone.Deploy.0 = Debug|Any CPU
		{62D4E642-47B2-47A8-9EFB-5781CF1D482E}.Debug|iPhoneSimulator.ActiveCfg = Debug|Any CPU
		{62D4E642-47B2-47A8-9EFB-5781CF1D482E}.Debug|iPhoneSimulator.Build.0 = Debug|Any CPU
		{62D4E642-47B2-47A8-9EFB-5781CF1D482E}.Debug|iPhoneSimulator.Deploy.0 = Debug|Any CPU
		{62D4E642-47B2-47A8-9EFB-5781CF1D482E}.Debug|x64.ActiveCfg = Debug|Any CPU
		{62D4E642-47B2-47A8-9EFB-5781CF1D482E}.Debug|x64.Build.0 = Debug|Any CPU
		{62D4E642-47B2-47A8-9EFB-5781CF1D482E}.Debug|x64.Deploy.0 = Debug|Any CPU
		{62D4E642-47B2-47A8-9EFB-5781CF1D482E}.Debug|x86.ActiveCfg = Debug|Any CPU
		{62D4E642-47B2-47A8-9EFB-5781CF1D482E}.Debug|x86.Build.0 = Debug|Any CPU
		{62D4E642-47B2-47A8-9EFB-5781CF1D482E}.Debug|x86.Deploy.0 = Debug|Any CPU
		{62D4E642-47B2-47A8-9EFB-5781CF1D482E}.Release|Any CPU.ActiveCfg = Release|Any CPU
		{62D4E642-47B2-47A8-9EFB-5781CF1D482E}.Release|Any CPU.Build.0 = Release|Any CPU
		{62D4E642-47B2-47A8-9EFB-5781CF1D482E}.Release|Any CPU.Deploy.0 = Release|Any CPU
		{62D4E642-47B2-47A8-9EFB-5781CF1D482E}.Release|ARM.ActiveCfg = Release|Any CPU
		{62D4E642-47B2-47A8-9EFB-5781CF1D482E}.Release|ARM.Build.0 = Release|Any CPU
		{62D4E642-47B2-47A8-9EFB-5781CF1D482E}.Release|ARM.Deploy.0 = Release|Any CPU
		{62D4E642-47B2-47A8-9EFB-5781CF1D482E}.Release|iPhone.ActiveCfg = Release|Any CPU
		{62D4E642-47B2-47A8-9EFB-5781CF1D482E}.Release|iPhone.Build.0 = Release|Any CPU
		{62D4E642-47B2-47A8-9EFB-5781CF1D482E}.Release|iPhone.Deploy.0 = Release|Any CPU
		{62D4E642-47B2-47A8-9EFB-5781CF1D482E}.Release|iPhoneSimulator.ActiveCfg = Release|Any CPU
		{62D4E642-47B2-47A8-9EFB-5781CF1D482E}.Release|iPhoneSimulator.Build.0 = Release|Any CPU
		{62D4E642-47B2-47A8-9EFB-5781CF1D482E}.Release|iPhoneSimulator.Deploy.0 = Release|Any CPU
		{62D4E642-47B2-47A8-9EFB-5781CF1D482E}.Release|x64.ActiveCfg = Release|Any CPU
		{62D4E642-47B2-47A8-9EFB-5781CF1D482E}.Release|x64.Build.0 = Release|Any CPU
		{62D4E642-47B2-47A8-9EFB-5781CF1D482E}.Release|x64.Deploy.0 = Release|Any CPU
		{62D4E642-47B2-47A8-9EFB-5781CF1D482E}.Release|x86.ActiveCfg = Release|Any CPU
		{62D4E642-47B2-47A8-9EFB-5781CF1D482E}.Release|x86.Build.0 = Release|Any CPU
		{62D4E642-47B2-47A8-9EFB-5781CF1D482E}.Release|x86.Deploy.0 = Release|Any CPU
	EndGlobalSection
	GlobalSection(SolutionProperties) = preSolution
		HideSolutionNode = FALSE
	EndGlobalSection
	GlobalSection(ExtensibilityGlobals) = postSolution
		SolutionGuid = {B291468F-94D2-47D0-9926-617AEEE76D30}
	EndGlobalSection
EndGlobal
